
Microsoft Visual Studio Solution File, Format Version 12.00
# Visual Studio Version 16
VisualStudioVersion = 16.0.29519.181
MinimumVisualStudioVersion = 10.0.40219.1
Project("{FAE04EC0-301F-11D3-BF4B-00C04F79EFBC}") = "ADUsers", "ADUsers.csproj", "{D14F7D3A-873D-4EDA-82C5-7D4F8A76D96D}"
EndProject
Global
	GlobalSection(SolutionConfigurationPlatforms) = preSolution
		Debug|Any CPU = Debug|Any CPU
		Release|Any CPU = Release|Any CPU
	EndGlobalSection
	GlobalSection(ProjectConfigurationPlatforms) = postSolution
		{D14F7D3A-873D-4EDA-82C5-7D4F8A76D96D}.Debug|Any CPU.ActiveCfg = Debug|Any CPU
		{D14F7D3A-873D-4EDA-82C5-7D4F8A76D96D}.Debug|Any CPU.Build.0 = Debug|Any CPU
		{D14F7D3A-873D-4EDA-82C5-7D4F8A76D96D}.Release|Any CPU.ActiveCfg = Release|Any CPU
		{D14F7D3A-873D-4EDA-82C5-7D4F8A76D96D}.Release|Any CPU.Build.0 = Release|Any CPU
	EndGlobalSection
	GlobalSection(SolutionProperties) = preSolution
		HideSolutionNode = FALSE
	EndGlobalSection
	GlobalSection(ExtensibilityGlobals) = postSolution
		SolutionGuid = {2BFA62CE-8941-4944-968B-A37E73BBACD5}
	EndGlobalSection
EndGlobal
